
Microsoft Visual Studio Solution File, Format Version 12.00
# Visual Studio Version 17
VisualStudioVersion = 17.5.2.0
MinimumVisualStudioVersion = 10.0.40219.1
Project("{FAE04EC0-301F-11D3-BF4B-00C04F79EFBC}") = "№7", "№7.csproj", "{BFAB28D2-8615-E76E-F98E-A64446005500}"
EndProject
Global
	GlobalSection(SolutionConfigurationPlatforms) = preSolution
		Debug|Any CPU = Debug|Any CPU
		Release|Any CPU = Release|Any CPU
	EndGlobalSection
	GlobalSection(ProjectConfigurationPlatforms) = postSolution
		{BFAB28D2-8615-E76E-F98E-A64446005500}.Debug|Any CPU.ActiveCfg = Debug|Any CPU
		{BFAB28D2-8615-E76E-F98E-A64446005500}.Debug|Any CPU.Build.0 = Debug|Any CPU
		{BFAB28D2-8615-E76E-F98E-A64446005500}.Release|Any CPU.ActiveCfg = Release|Any CPU
		{BFAB28D2-8615-E76E-F98E-A64446005500}.Release|Any CPU.Build.0 = Release|Any CPU
	EndGlobalSection
	GlobalSection(SolutionProperties) = preSolution
		HideSolutionNode = FALSE
	EndGlobalSection
	GlobalSection(ExtensibilityGlobals) = postSolution
		SolutionGuid = {4D2877F2-B0C4-44AE-83F3-2299C3F8A811}
	EndGlobalSection
EndGlobal
